dependencies:
- alias: ""
  condition: ""
  enabled: false
  import-values: null
  name: memcached
  repository: https://kubernetes-charts.storage.googleapis.com/
  tags: null
  version: 1.2.1
digest: sha256:6d7bed47d0aa1a742058c02e808f10f7a78cc32550637bce9b0e1aef70bb8426
generated: 2017-08-19T07:58:14.771791672-07:00
